// !$*UTF8*$!
{
	archiveVersion = 1;
	classes = {
	};
	objectVersion = 55;
	objects = {

/* Begin PBXBuildFile section */
		FD233F5F27FDA44300E346DF /* IconGeneratorApp.swift in Sources */ = {isa = PBXBuildFile; fileRef = FD233F4F27FDA43F00E346DF /* IconGeneratorApp.swift */; };
		FD233F6027FDA44300E346DF /* IconGeneratorApp.swift in Sources */ = {isa = PBXBuildFile; fileRef = FD233F4F27FDA43F00E346DF /* IconGeneratorApp.swift */; };
		FD233F6127FDA44300E346DF /* ContentView.swift in Sources */ = {isa = PBXBuildFile; fileRef = FD233F5027FDA43F00E346DF /* ContentView.swift */; };
		FD233F6227FDA44300E346DF /* ContentView.swift in Sources */ = {isa = PBXBuildFile; fileRef = FD233F5027FDA43F00E346DF /* ContentView.swift */; };
		FD233F6E27FDA46400E346DF /* Contents.json in Resources */ = {isa = PBXBuildFile; fileRef = FD233F6D27FDA46400E346DF /* Contents.json */; };
		FD233F6F27FDA46400E346DF /* Contents.json in Resources */ = {isa = PBXBuildFile; fileRef = FD233F6D27FDA46400E346DF /* Contents.json */; };
		FD233F7A27FDA51E00E346DF /* IconGenerator.swift in Sources */ = {isa = PBXBuildFile; fileRef = FD233F7827FDA51E00E346DF /* IconGenerator.swift */; };
		FD233F7D27FDA53F00E346DF /* IconGeneratorViewModel.swift in Sources */ = {isa = PBXBuildFile; fileRef = FD233F7B27FDA53F00E346DF /* IconGeneratorViewModel.swift */; };
		FD233F8127FDC8E800E346DF /* Assets.xcassets in Resources */ = {isa = PBXBuildFile; fileRef = FD233F5127FDA44300E346DF /* Assets.xcassets */; };
		FD233F8227FDC8EA00E346DF /* Assets.xcassets in Resources */ = {isa = PBXBuildFile; fileRef = FD233F5127FDA44300E346DF /* Assets.xcassets */; };
/* End PBXBuildFile section */

/* Begin PBXFileReference section */
		FD233F4F27FDA43F00E346DF /* IconGeneratorApp.swift */ = {isa = PBXFileReference; lastKnownFileType = sourcecode.swift; path = IconGeneratorApp.swift; sourceTree = "<group>"; };
		FD233F5027FDA43F00E346DF /* ContentView.swift */ = {isa = PBXFileReference; lastKnownFileType = sourcecode.swift; path = ContentView.swift; sourceTree = "<group>"; };
		FD233F5127FDA44300E346DF /* Assets.xcassets */ = {isa = PBXFileReference; lastKnownFileType = folder.assetcatalog; path = Assets.xcassets; sourceTree = "<group>"; };
		FD233F5627FDA44300E346DF /* IconGenerator.app */ = {isa = PBXFileReference; explicitFileType = wrapper.application; includeInIndex = 0; path = IconGenerator.app; sourceTree = BUILT_PRODUCTS_DIR; };
		FD233F5C27FDA44300E346DF /* IconGenerator.app */ = {isa = PBXFileReference; explicitFileType = wrapper.application; includeInIndex = 0; path = IconGenerator.app; sourceTree = BUILT_PRODUCTS_DIR; };
		FD233F5E27FDA44300E346DF /* macOS.entitlements */ = {isa = PBXFileReference; lastKnownFileType = text.plist.entitlements; path = macOS.entitlements; sourceTree = "<group>"; };
		FD233F6D27FDA46400E346DF /* Contents.json */ = {isa = PBXFileReference; fileEncoding = 4; lastKnownFileType = text.json; path = Contents.json; sourceTree = "<group>"; };
		FD233F7827FDA51E00E346DF /* IconGenerator.swift */ = {isa = PBXFileReference; lastKnownFileType = sourcecode.swift; path = IconGenerator.swift; sourceTree = "<group>"; };
		FD233F7B27FDA53F00E346DF /* IconGeneratorViewModel.swift */ = {isa = PBXFileReference; lastKnownFileType = sourcecode.swift; path = IconGeneratorViewModel.swift; sourceTree = "<group>"; };
/* End PBXFileReference section */

/* Begin PBXFrameworksBuildPhase section */
		FD233F5327FDA44300E346DF /* Frameworks */ = {
			isa = PBXFrameworksBuildPhase;
			buildActionMask = 2147483647;
			files = (
			);
			runOnlyForDeploymentPostprocessing = 0;
		};
		FD233F5927FDA44300E346DF /* Frameworks */ = {
			isa = PBXFrameworksBuildPhase;
			buildActionMask = 2147483647;
			files = (
			);
			runOnlyForDeploymentPostprocessing = 0;
		};
/* End PBXFrameworksBuildPhase section */

/* Begin PBXGroup section */
		FD233F4927FDA43F00E346DF = {
			isa = PBXGroup;
			children = (
				FD233F4E27FDA43F00E346DF /* Shared */,
				FD233F5D27FDA44300E346DF /* macOS */,
				FD233F5727FDA44300E346DF /* Products */,
			);
			sourceTree = "<group>";
		};
		FD233F4E27FDA43F00E346DF /* Shared */ = {
			isa = PBXGroup;
			children = (
				FD233F4F27FDA43F00E346DF /* IconGeneratorApp.swift */,
				FD233F6D27FDA46400E346DF /* Contents.json */,
				FD233F5027FDA43F00E346DF /* ContentView.swift */,
				FD233F7727FDA50900E346DF /* ViewModel */,
				FD233F7627FDA50400E346DF /* View */,
				FD233F5127FDA44300E346DF /* Assets.xcassets */,
			);
			path = Shared;
			sourceTree = "<group>";
		};
		FD233F5727FDA44300E346DF /* Products */ = {
			isa = PBXGroup;
			children = (
				FD233F5627FDA44300E346DF /* IconGenerator.app */,
				FD233F5C27FDA44300E346DF /* IconGenerator.app */,
			);
			name = Products;
			sourceTree = "<group>";
		};
		FD233F5D27FDA44300E346DF /* macOS */ = {
			isa = PBXGroup;
			children = (
				FD233F5E27FDA44300E346DF /* macOS.entitlements */,
			);
			path = macOS;
			sourceTree = "<group>";
		};
		FD233F7627FDA50400E346DF /* View */ = {
			isa = PBXGroup;
			children = (
				FD233F7827FDA51E00E346DF /* IconGenerator.swift */,
			);
			path = View;
			sourceTree = "<group>";
		};
		FD233F7727FDA50900E346DF /* ViewModel */ = {
			isa = PBXGroup;
			children = (
				FD233F7B27FDA53F00E346DF /* IconGeneratorViewModel.swift */,
			);
			path = ViewModel;
			sourceTree = "<group>";
		};
/* End PBXGroup section */

/* Begin PBXNativeTarget section */
		FD233F5527FDA44300E346DF /* IconGenerator (iOS) */ = {
			isa = PBXNativeTarget;
			buildConfigurationList = FD233F6727FDA44300E346DF /* Build configuration list for PBXNativeTarget "IconGenerator (iOS)" */;
			buildPhases = (
				FD233F5227FDA44300E346DF /* Sources */,
				FD233F5327FDA44300E346DF /* Frameworks */,
				FD233F5427FDA44300E346DF /* Resources */,
			);
			buildRules = (
			);
			dependencies = (
			);
			name = "IconGenerator (iOS)";
			productName = "IconGenerator (iOS)";
			productReference = FD233F5627FDA44300E346DF /* IconGenerator.app */;
			productType = "com.apple.product-type.application";
		};
		FD233F5B27FDA44300E346DF /* IconGenerator (macOS) */ = {
			isa = PBXNativeTarget;
			buildConfigurationList = FD233F6A27FDA44300E346DF /* Build configuration list for PBXNativeTarget "IconGenerator (macOS)" */;
			buildPhases = (
				FD233F5827FDA44300E346DF /* Sources */,
				FD233F5927FDA44300E346DF /* Frameworks */,
				FD233F5A27FDA44300E346DF /* Resources */,
			);
			buildRules = (
			);
			dependencies = (
			);
			name = "IconGenerator (macOS)";
			productName = "IconGenerator (macOS)";
			productReference = FD233F5C27FDA44300E346DF /* IconGenerator.app */;
			productType = "com.apple.product-type.application";
		};
/* End PBXNativeTarget section */

/* Begin PBXProject section */
		FD233F4A27FDA43F00E346DF /* Project object */ = {
			isa = PBXProject;
			attributes = {
				BuildIndependentTargetsInParallel = 1;
				LastSwiftUpdateCheck = 1320;
				LastUpgradeCheck = 1320;
				TargetAttributes = {
					FD233F5527FDA44300E346DF = {
						CreatedOnToolsVersion = 13.2.1;
					};
					FD233F5B27FDA44300E346DF = {
						CreatedOnToolsVersion = 13.2.1;
					};
				};
			};
			buildConfigurationList = FD233F4D27FDA43F00E346DF /* Build configuration list for PBXProject "IconGenerator" */;
			compatibilityVersion = "Xcode 13.0";
			developmentRegion = en;
			hasScannedForEncodings = 0;
			knownRegions = (
				en,
				Base,
			);
			mainGroup = FD233F4927FDA43F00E346DF;
			productRefGroup = FD233F5727FDA44300E346DF /* Products */;
			projectDirPath = "";
			projectRoot = "";
			targets = (
				FD233F5527FDA44300E346DF /* IconGenerator (iOS) */,
				FD233F5B27FDA44300E346DF /* IconGenerator (macOS) */,
			);
		};
/* End PBXProject section */

/* Begin PBXResourcesBuildPhase section */
		FD233F5427FDA44300E346DF /* Resources */ = {
			isa = PBXResourcesBuildPhase;
			buildActionMask = 2147483647;
			files = (
				FD233F8227FDC8EA00E346DF /* Assets.xcassets in Resources */,
				FD233F6E27FDA46400E346DF /* Contents.json in Resources */,
			);
			runOnlyForDeploymentPostprocessing = 0;
		};
		FD233F5A27FDA44300E346DF /* Resources */ = {
			isa = PBXResourcesBuildPhase;
			buildActionMask = 2147483647;
			files = (
				FD233F8127FDC8E800E346DF /* Assets.xcassets in Resources */,
				FD233F6F27FDA46400E346DF /* Contents.json in Resources */,
			);
			runOnlyForDeploymentPostprocessing = 0;
		};
/* End PBXResourcesBuildPhase section */

/* Begin PBXSourcesBuildPhase section */
		FD233F5227FDA44300E346DF /* Sources */ = {
			isa = PBXSourcesBuildPhase;
			buildActionMask = 2147483647;
			files = (
				FD233F6127FDA44300E346DF /* ContentView.swift in Sources */,
				FD233F5F27FDA44300E346DF /* IconGeneratorApp.swift in Sources */,
			);
			runOnlyForDeploymentPostprocessing = 0;
		};
		FD233F5827FDA44300E346DF /* Sources */ = {
			isa = PBXSourcesBuildPhase;
			buildActionMask = 2147483647;
			files = (
				FD233F6227FDA44300E346DF /* ContentView.swift in Sources */,
				FD233F7A27FDA51E00E346DF /* IconGenerator.swift in Sources */,
				FD233F6027FDA44300E346DF /* IconGeneratorApp.swift in Sources */,
				FD233F7D27FDA53F00E346DF /* IconGeneratorViewModel.swift in Sources */,
			);
			runOnlyForDeploymentPostprocessing = 0;
		};
/* End PBXSourcesBuildPhase section */

/* Begin XCBuildConfiguration section */
		FD233F6527FDA44300E346DF /* Debug */ = {
			isa = XCBuildConfiguration;
			buildSettings = {
				ALWAYS_SEARCH_USER_PATHS = NO;
				CLANG_ANALYZER_NONNULL = YES;
				CLANG_ANALYZER_NUMBER_OBJECT_CONVERSION = YES_AGGRESSIVE;
				CLANG_CXX_LANGUAGE_STANDARD = "gnu++17";
				CLANG_CXX_LIBRARY = "libc++";
				CLANG_ENABLE_MODULES = YES;
				CLANG_ENABLE_OBJC_ARC = YES;
				CLANG_ENABLE_OBJC_WEAK = YES;
				CLANG_WARN_BLOCK_CAPTURE_AUTORELEASING = YES;
				CLANG_WARN_BOOL_CONVERSION = YES;
				CLANG_WARN_COMMA = YES;
				CLANG_WARN_CONSTANT_CONVERSION = YES;
				CLANG_WARN_DEPRECATED_OBJC_IMPLEMENTATIONS = YES;
				CLANG_WARN_DIRECT_OBJC_ISA_USAGE = YES_ERROR;
				CLANG_WARN_DOCUMENTATION_COMMENTS = YES;
				CLANG_WARN_EMPTY_BODY = YES;
				CLANG_WARN_ENUM_CONVERSION = YES;
				CLANG_WARN_INFINITE_RECURSION = YES;
				CLANG_WARN_INT_CONVERSION = YES;
				CLANG_WARN_NON_LITERAL_NULL_CONVERSION = YES;
				CLANG_WARN_OBJC_IMPLICIT_RETAIN_SELF = YES;
				CLANG_WARN_OBJC_LITERAL_CONVERSION = YES;
				CLANG_WARN_OBJC_ROOT_CLASS = YES_ERROR;
				CLANG_WARN_QUOTED_INCLUDE_IN_FRAMEWORK_HEADER = YES;
				CLANG_WARN_RANGE_LOOP_ANALYSIS = YES;
				CLANG_WARN_STRICT_PROTOTYPES = YES;
				CLANG_WARN_SUSPICIOUS_MOVE = YES;
				CLANG_WARN_UNGUARDED_AVAILABILITY = YES_AGGRESSIVE;
				CLANG_WARN_UNREACHABLE_CODE = YES;
				CLANG_WARN__DUPLICATE_METHOD_MATCH = YES;
				COPY_PHASE_STRIP = NO;
				DEBUG_INFORMATION_FORMAT = dwarf;
				ENABLE_STRICT_OBJC_MSGSEND = YES;
				ENABLE_TESTABILITY = YES;
				GCC_C_LANGUAGE_STANDARD = gnu11;
				GCC_DYNAMIC_NO_PIC = NO;
				GCC_NO_COMMON_BLOCKS = YES;
				GCC_OPTIMIZATION_LEVEL = 0;
				GCC_PREPROCESSOR_DEFINITIONS = (
					"DEBUG=1",
					"$(inherited)",
				);
				GCC_WARN_64_TO_32_BIT_CONVERSION = YES;
				GCC_WARN_ABOUT_RETURN_TYPE = YES_ERROR;
				GCC_WARN_UNDECLARED_SELECTOR = YES;
				GCC_WARN_UNINITIALIZED_AUTOS = YES_AGGRESSIVE;
				GCC_WARN_UNUSED_FUNCTION = YES;
				GCC_WARN_UNUSED_VARIABLE = YES;
				MTL_ENABLE_DEBUG_INFO = INCLUDE_SOURCE;
				MTL_FAST_MATH = YES;
				ONLY_ACTIVE_ARCH = YES;
				SWIFT_ACTIVE_COMPILATION_CONDITIONS = DEBUG;
				SWIFT_OPTIMIZATION_LEVEL = "-Onone";
			};
			name = Debug;
		};
		FD233F6627FDA44300E346DF /* Release */ = {
			isa = XCBuildConfiguration;
			buildSettings = {
				ALWAYS_SEARCH_USER_PATHS = NO;
				CLANG_ANALYZER_NONNULL = YES;
				CLANG_ANALYZER_NUMBER_OBJECT_CONVERSION = YES_AGGRESSIVE;
				CLANG_CXX_LANGUAGE_STANDARD = "gnu++17";
				CLANG_CXX_LIBRARY = "libc++";
				CLANG_ENABLE_MODULES = YES;
				CLANG_ENABLE_OBJC_ARC = YES;
				CLANG_ENABLE_OBJC_WEAK = YES;
				CLANG_WARN_BLOCK_CAPTURE_AUTORELEASING = YES;
				CLANG_WARN_BOOL_CONVERSION = YES;
				CLANG_WARN_COMMA = YES;
				CLANG_WARN_CONSTANT_CONVERSION = YES;
				CLANG_WARN_DEPRECATED_OBJC_IMPLEMENTATIONS = YES;
				CLANG_WARN_DIRECT_OBJC_ISA_USAGE = YES_ERROR;
				CLANG_WARN_DOCUMENTATION_COMMENTS = YES;
				CLANG_WARN_EMPTY_BODY = YES;
				CLANG_WARN_ENUM_CONVERSION = YES;
				CLANG_WARN_INFINITE_RECURSION = YES;
				CLANG_WARN_INT_CONVERSION = YES;
				CLANG_WARN_NON_LITERAL_NULL_CONVERSION = YES;
				CLANG_WARN_OBJC_IMPLICIT_RETAIN_SELF = YES;
				CLANG_WARN_OBJC_LITERAL_CONVERSION = YES;
				CLANG_WARN_OBJC_ROOT_CLASS = YES_ERROR;
				CLANG_WARN_QUOTED_INCLUDE_IN_FRAMEWORK_HEADER = YES;
				CLANG_WARN_RANGE_LOOP_ANALYSIS = YES;
				CLANG_WARN_STRICT_PROTOTYPES = YES;
				CLANG_WARN_SUSPICIOUS_MOVE = YES;
				CLANG_WARN_UNGUARDED_AVAILABILITY = YES_AGGRESSIVE;
				CLANG_WARN_UNREACHABLE_CODE = YES;
				CLANG_WARN__DUPLICATE_METHOD_MATCH = YES;
				COPY_PHASE_STRIP = NO;
				DEBUG_INFORMATION_FORMAT = "dwarf-with-dsym";
				ENABLE_NS_ASSERTIONS = NO;
				ENABLE_STRICT_OBJC_MSGSEND = YES;
				GCC_C_LANGUAGE_STANDARD = gnu11;
				GCC_NO_COMMON_BLOCKS = YES;
				GCC_WARN_64_TO_32_BIT_CONVERSION = YES;
				GCC_WARN_ABOUT_RETURN_TYPE = YES_ERROR;
				GCC_WARN_UNDECLARED_SELECTOR = YES;
				GCC_WARN_UNINITIALIZED_AUTOS = YES_AGGRESSIVE;
				GCC_WARN_UNUSED_FUNCTION = YES;
				GCC_WARN_UNUSED_VARIABLE = YES;
				MTL_ENABLE_DEBUG_INFO = NO;
				MTL_FAST_MATH = YES;
				SWIFT_COMPILATION_MODE = wholemodule;
				SWIFT_OPTIMIZATION_LEVEL = "-O";
			};
			name = Release;
		};
		FD233F6827FDA44300E346DF /* Debug */ = {
			isa = XCBuildConfiguration;
			buildSettings = {
				ASSETCATALOG_COMPILER_APPICON_NAME = AppIcon;
				ASSETCATALOG_COMPILER_GLOBAL_ACCENT_COLOR_NAME = AccentColor;
				CODE_SIGN_STYLE = Automatic;
				CURRENT_PROJECT_VERSION = 1;
				DEVELOPMENT_TEAM = XP6V4T4UU6;
				ENABLE_PREVIEWS = YES;
				GENERATE_INFOPLIST_FILE = YES;
				INFOPLIST_KEY_UIApplicationSceneManifest_Generation = YES;
				INFOPLIST_KEY_UIApplicationSupportsIndirectInputEvents = YES;
				INFOPLIST_KEY_UILaunchScreen_Generation = YES;
				INFOPLIST_KEY_UISupportedInterfaceOrientations_iPad = "UIInterfaceOrientationPortrait UIInterfaceOrientationPortraitUpsideDown UIInterfaceOrientationLandscapeLeft UIInterfaceOrientationLandscapeRight";
				INFOPLIST_KEY_UISupportedInterfaceOrientations_iPhone = "UIInterfaceOrientationPortrait UIInterfaceOrientationLandscapeLeft UIInterfaceOrientationLandscapeRight";
				IPHONEOS_DEPLOYMENT_TARGET = 15.2;
				LD_RUNPATH_SEARCH_PATHS = (
					"$(inherited)",
					"@executable_path/Frameworks",
				);
				MARKETING_VERSION = 1.0;
				PRODUCT_BUNDLE_IDENTIFIER = com.blacenova.sample.IconGenerator;
				PRODUCT_NAME = IconGenerator;
				SDKROOT = iphoneos;
				SWIFT_EMIT_LOC_STRINGS = YES;
				SWIFT_VERSION = 5.0;
				TARGETED_DEVICE_FAMILY = "1,2";
			};
			name = Debug;
		};
		FD233F6927FDA44300E346DF /* Release */ = {
			isa = XCBuildConfiguration;
			buildSettings = {
				ASSETCATALOG_COMPILER_APPICON_NAME = AppIcon;
				ASSETCATALOG_COMPILER_GLOBAL_ACCENT_COLOR_NAME = AccentColor;
				CODE_SIGN_STYLE = Automatic;
				CURRENT_PROJECT_VERSION = 1;
				DEVELOPMENT_TEAM = XP6V4T4UU6;
				ENABLE_PREVIEWS = YES;
				GENERATE_INFOPLIST_FILE = YES;
				INFOPLIST_KEY_UIApplicationSceneManifest_Generation = YES;
				INFOPLIST_KEY_UIApplicationSupportsIndirectInputEvents = YES;
				INFOPLIST_KEY_UILaunchScreen_Generation = YES;
				INFOPLIST_KEY_UISupportedInterfaceOrientations_iPad = "UIInterfaceOrientationPortrait UIInterfaceOrientationPortraitUpsideDown UIInterfaceOrientationLandscapeLeft UIInterfaceOrientationLandscapeRight";
				INFOPLIST_KEY_UISupportedInterfaceOrientations_iPhone = "UIInterfaceOrientationPortrait UIInterfaceOrientationLandscapeLeft UIInterfaceOrientationLandscapeRight";
				IPHONEOS_DEPLOYMENT_TARGET = 15.2;
				LD_RUNPATH_SEARCH_PATHS = (
					"$(inherited)",
					"@executable_path/Frameworks",
				);
				MARKETING_VERSION = 1.0;
				PRODUCT_BUNDLE_IDENTIFIER = com.blacenova.sample.IconGenerator;
				PRODUCT_NAME = IconGenerator;
				SDKROOT = iphoneos;
				SWIFT_EMIT_LOC_STRINGS = YES;
				SWIFT_VERSION = 5.0;
				TARGETED_DEVICE_FAMILY = "1,2";
				VALIDATE_PRODUCT = YES;
			};
			name = Release;
		};
		FD233F6B27FDA44300E346DF /* Debug */ = {
			isa = XCBuildConfiguration;
			buildSettings = {
				ASSETCATALOG_COMPILER_APPICON_NAME = AppIcon;
				ASSETCATALOG_COMPILER_GLOBAL_ACCENT_COLOR_NAME = AccentColor;
				CODE_SIGN_ENTITLEMENTS = macOS/macOS.entitlements;
				CODE_SIGN_STYLE = Automatic;
				COMBINE_HIDPI_IMAGES = YES;
				CURRENT_PROJECT_VERSION = 1;
				DEVELOPMENT_TEAM = XP6V4T4UU6;
				ENABLE_HARDENED_RUNTIME = YES;
				ENABLE_PREVIEWS = YES;
				GENERATE_INFOPLIST_FILE = YES;
				INFOPLIST_KEY_NSHumanReadableCopyright = "";
				LD_RUNPATH_SEARCH_PATHS = (
					"$(inherited)",
					"@executable_path/../Frameworks",
				);
				MACOSX_DEPLOYMENT_TARGET = 12.1;
				MARKETING_VERSION = 1.0;
				PRODUCT_BUNDLE_IDENTIFIER = com.blacenova.sample.IconGenerator;
				PRODUCT_NAME = IconGenerator;
				SDKROOT = macosx;
				SWIFT_EMIT_LOC_STRINGS = YES;
				SWIFT_VERSION = 5.0;
			};
			name = Debug;
		};
		FD233F6C27FDA44300E346DF /* Release */ = {
			isa = XCBuildConfiguration;
			buildSettings = {
				ASSETCATALOG_COMPILER_APPICON_NAME = AppIcon;
				ASSETCATALOG_COMPILER_GLOBAL_ACCENT_COLOR_NAME = AccentColor;
				CODE_SIGN_ENTITLEMENTS = macOS/macOS.entitlements;
				CODE_SIGN_STYLE = Automatic;
				COMBINE_HIDPI_IMAGES = YES;
				CURRENT_PROJECT_VERSION = 1;
				DEVELOPMENT_TEAM = XP6V4T4UU6;
				ENABLE_HARDENED_RUNTIME = YES;
				ENABLE_PREVIEWS = YES;
				GENERATE_INFOPLIST_FILE = YES;
				INFOPLIST_KEY_NSHumanReadableCopyright = "";
				LD_RUNPATH_SEARCH_PATHS = (
					"$(inherited)",
					"@executable_path/../Frameworks",
				);
				MACOSX_DEPLOYMENT_TARGET = 12.1;
				MARKETING_VERSION = 1.0;
				PRODUCT_BUNDLE_IDENTIFIER = com.blacenova.sample.IconGenerator;
				PRODUCT_NAME = IconGenerator;
				SDKROOT = macosx;
				SWIFT_EMIT_LOC_STRINGS = YES;
				SWIFT_VERSION = 5.0;
			};
			name = Release;
		};
/* End XCBuildConfiguration section */

/* Begin XCConfigurationList section */
		FD233F4D27FDA43F00E346DF /* Build configuration list for PBXProject "IconGenerator" */ = {
			isa = XCConfigurationList;
			buildConfigurations = (
				FD233F6527FDA44300E346DF /* Debug */,
				FD233F6627FDA44300E346DF /* Release */,
			);
			defaultConfigurationIsVisible = 0;
			defaultConfigurationName = Release;
		};
		FD233F6727FDA44300E346DF /* Build configuration list for PBXNativeTarget "IconGenerator (iOS)" */ = {
			isa = XCConfigurationList;
			buildConfigurations = (
				FD233F6827FDA44300E346DF /* Debug */,
				FD233F6927FDA44300E346DF /* Release */,
			);
			defaultConfigurationIsVisible = 0;
			defaultConfigurationName = Release;
		};
		FD233F6A27FDA44300E346DF /* Build configuration list for PBXNativeTarget "IconGenerator (macOS)" */ = {
			isa = XCConfigurationList;
			buildConfigurations = (
				FD233F6B27FDA44300E346DF /* Debug */,
				FD233F6C27FDA44300E346DF /* Release */,
			);
			defaultConfigurationIsVisible = 0;
			defaultConfigurationName = Release;
		};
/* End XCConfigurationList section */
	};
	rootObject = FD233F4A27FDA43F00E346DF /* Project object */;
}
